// !$*UTF8*$!
{
	archiveVersion = 1;
	classes = {
	};
	objectVersion = 50;
	objects = {

/* Begin PBXBuildFile section */
		012F27A02150ACF700EE253E /* CDJoystick.swift in Sources */ = {isa = PBXBuildFile; fileRef = 012F279F2150ACF700EE253E /* CDJoystick.swift */; };
		01B9325D214D6919004B607D /* AppDelegate.swift in Sources */ = {isa = PBXBuildFile; fileRef = 01B9325C214D6919004B607D /* AppDelegate.swift */; };
		01B9325F214D6919004B607D /* ViewController.swift in Sources */ = {isa = PBXBuildFile; fileRef = 01B9325E214D6919004B607D /* ViewController.swift */; };
		01B93264214D691A004B607D /* Assets.xcassets in Resources */ = {isa = PBXBuildFile; fileRef = 01B93263214D691A004B607D /* Assets.xcassets */; };
		01B93267214D691A004B607D /* LaunchScreen.storyboard in Resources */ = {isa = PBXBuildFile; fileRef = 01B93265214D691A004B607D /* LaunchScreen.storyboard */; };
		01B93291214DA131004B607D /* NSLayoutConstraint+PureLayout.m in Sources */ = {isa = PBXBuildFile; fileRef = 01B93288214DA131004B607D /* NSLayoutConstraint+PureLayout.m */; };
		01B93292214DA131004B607D /* ALView+PureLayout.m in Sources */ = {isa = PBXBuildFile; fileRef = 01B9328B214DA131004B607D /* ALView+PureLayout.m */; };
		01B93293214DA131004B607D /* NSArray+PureLayout.m in Sources */ = {isa = PBXBuildFile; fileRef = 01B9328E214DA131004B607D /* NSArray+PureLayout.m */; };
		01F728712151BE3400510A2F /* JoystickManager.swift in Sources */ = {isa = PBXBuildFile; fileRef = 01F728702151BE3400510A2F /* JoystickManager.swift */; };
		01F728732151C66B00510A2F /* FloatingPoint.swift in Sources */ = {isa = PBXBuildFile; fileRef = 01F728722151C66B00510A2F /* FloatingPoint.swift */; };
/* End PBXBuildFile section */

/* Begin PBXCopyFilesBuildPhase section */
		01B93280214D6E7C004B607D /* Copy Frameworks */ = {
			isa = PBXCopyFilesBuildPhase;
			buildActionMask = 2147483647;
			dstPath = "";
			dstSubfolderSpec = 10;
			files = (
			);
			name = "Copy Frameworks";
			runOnlyForDeploymentPostprocessing = 0;
		};
/* End PBXCopyFilesBuildPhase section */

/* Begin PBXFileReference section */
		012F279F2150ACF700EE253E /* CDJoystick.swift */ = {isa = PBXFileReference; fileEncoding = 4; lastKnownFileType = sourcecode.swift; path = CDJoystick.swift; sourceTree = "<group>"; };
		01B93259214D6919004B607D /* PegasusApp.app */ = {isa = PBXFileReference; explicitFileType = wrapper.application; includeInIndex = 0; path = PegasusApp.app; sourceTree = BUILT_PRODUCTS_DIR; };
		01B9325C214D6919004B607D /* AppDelegate.swift */ = {isa = PBXFileReference; lastKnownFileType = sourcecode.swift; path = AppDelegate.swift; sourceTree = "<group>"; };
		01B9325E214D6919004B607D /* ViewController.swift */ = {isa = PBXFileReference; lastKnownFileType = sourcecode.swift; path = ViewController.swift; sourceTree = "<group>"; };
		01B93263214D691A004B607D /* Assets.xcassets */ = {isa = PBXFileReference; lastKnownFileType = folder.assetcatalog; path = Assets.xcassets; sourceTree = "<group>"; };
		01B93266214D691A004B607D /* Base */ = {isa = PBXFileReference; lastKnownFileType = file.storyboard; name = Base; path = Base.lproj/LaunchScreen.storyboard; sourceTree = "<group>"; };
		01B93268214D691A004B607D /* Info.plist */ = {isa = PBXFileReference; lastKnownFileType = text.plist.xml; path = Info.plist; sourceTree = "<group>"; };
		01B9326F214D6C6D004B607D /* PegasusApp-Bridging-Header.h */ = {isa = PBXFileReference; lastKnownFileType = sourcecode.c.h; path = "PegasusApp-Bridging-Header.h"; sourceTree = "<group>"; };
		01B93286214DA131004B607D /* PureLayoutDefines.h */ = {isa = PBXFileReference; fileEncoding = 4; lastKnownFileType = sourcecode.c.h; path = PureLayoutDefines.h; sourceTree = "<group>"; };
		01B93287214DA131004B607D /* ALView+PureLayout.h */ = {isa = PBXFileReference; fileEncoding = 4; lastKnownFileType = sourcecode.c.h; path = "ALView+PureLayout.h"; sourceTree = "<group>"; };
		01B93288214DA131004B607D /* NSLayoutConstraint+PureLayout.m */ = {isa = PBXFileReference; fileEncoding = 4; lastKnownFileType = sourcecode.c.objc; path = "NSLayoutConstraint+PureLayout.m"; sourceTree = "<group>"; };
		01B93289214DA131004B607D /* NSArray+PureLayout.h */ = {isa = PBXFileReference; fileEncoding = 4; lastKnownFileType = sourcecode.c.h; path = "NSArray+PureLayout.h"; sourceTree = "<group>"; };
		01B9328A214DA131004B607D /* NSLayoutConstraint+PureLayout.h */ = {isa = PBXFileReference; fileEncoding = 4; lastKnownFileType = sourcecode.c.h; path = "NSLayoutConstraint+PureLayout.h"; sourceTree = "<group>"; };
		01B9328B214DA131004B607D /* ALView+PureLayout.m */ = {isa = PBXFileReference; fileEncoding = 4; lastKnownFileType = sourcecode.c.objc; path = "ALView+PureLayout.m"; sourceTree = "<group>"; };
		01B9328C214DA131004B607D /* PureLayout+Internal.h */ = {isa = PBXFileReference; fileEncoding = 4; lastKnownFileType = sourcecode.c.h; path = "PureLayout+Internal.h"; sourceTree = "<group>"; };
		01B9328D214DA131004B607D /* PureLayout.h */ = {isa = PBXFileReference; fileEncoding = 4; lastKnownFileType = sourcecode.c.h; path = PureLayout.h; sourceTree = "<group>"; };
		01B9328E214DA131004B607D /* NSArray+PureLayout.m */ = {isa = PBXFileReference; fileEncoding = 4; lastKnownFileType = sourcecode.c.objc; path = "NSArray+PureLayout.m"; sourceTree = "<group>"; };
		01F7286C2151BD1600510A2F /* PegasusApp.entitlements */ = {isa = PBXFileReference; lastKnownFileType = text.plist.entitlements; path = PegasusApp.entitlements; sourceTree = "<group>"; };
		01F728702151BE3400510A2F /* JoystickManager.swift */ = {isa = PBXFileReference; lastKnownFileType = sourcecode.swift; path = JoystickManager.swift; sourceTree = "<group>"; };
		01F728722151C66B00510A2F /* FloatingPoint.swift */ = {isa = PBXFileReference; lastKnownFileType = sourcecode.swift; path = FloatingPoint.swift; sourceTree = "<group>"; };
/* End PBXFileReference section */

/* Begin PBXFrameworksBuildPhase section */
		01B93256214D6919004B607D /* Frameworks */ = {
			isa = PBXFrameworksBuildPhase;
			buildActionMask = 2147483647;
			files = (
			);
			runOnlyForDeploymentPostprocessing = 0;
		};
/* End PBXFrameworksBuildPhase section */

/* Begin PBXGroup section */
		01B93250214D6919004B607D = {
			isa = PBXGroup;
			children = (
				01B9325B214D6919004B607D /* PegasusApp */,
				01B9325A214D6919004B607D /* Products */,
				01F7286D2151BD1600510A2F /* Frameworks */,
			);
			sourceTree = "<group>";
		};
		01B9325A214D6919004B607D /* Products */ = {
			isa = PBXGroup;
			children = (
				01B93259214D6919004B607D /* PegasusApp.app */,
			);
			name = Products;
			sourceTree = "<group>";
		};
		01B9325B214D6919004B607D /* PegasusApp */ = {
			isa = PBXGroup;
			children = (
				01F7286C2151BD1600510A2F /* PegasusApp.entitlements */,
				01B93275214D6CA7004B607D /* 3dr Party */,
				01B93274214D6C94004B607D /* Utils */,
				01B93273214D6C7F004B607D /* ViewControllers */,
				01B9325C214D6919004B607D /* AppDelegate.swift */,
				01B93263214D691A004B607D /* Assets.xcassets */,
				01B93265214D691A004B607D /* LaunchScreen.storyboard */,
				01B93268214D691A004B607D /* Info.plist */,
				01B9326F214D6C6D004B607D /* PegasusApp-Bridging-Header.h */,
			);
			path = PegasusApp;
			sourceTree = "<group>";
		};
		01B93273214D6C7F004B607D /* ViewControllers */ = {
			isa = PBXGroup;
			children = (
				01B9325E214D6919004B607D /* ViewController.swift */,
				01F728702151BE3400510A2F /* JoystickManager.swift */,
			);
			path = ViewControllers;
			sourceTree = "<group>";
		};
		01B93274214D6C94004B607D /* Utils */ = {
			isa = PBXGroup;
			children = (
				012F279F2150ACF700EE253E /* CDJoystick.swift */,
				01F728722151C66B00510A2F /* FloatingPoint.swift */,
			);
			path = Utils;
			sourceTree = "<group>";
		};
		01B93275214D6CA7004B607D /* 3dr Party */ = {
			isa = PBXGroup;
			children = (
				01B93285214DA131004B607D /* PureLayout */,
			);
			path = "3dr Party";
			sourceTree = "<group>";
		};
		01B93285214DA131004B607D /* PureLayout */ = {
			isa = PBXGroup;
			children = (
				01B93286214DA131004B607D /* PureLayoutDefines.h */,
				01B93287214DA131004B607D /* ALView+PureLayout.h */,
				01B93288214DA131004B607D /* NSLayoutConstraint+PureLayout.m */,
				01B93289214DA131004B607D /* NSArray+PureLayout.h */,
				01B9328A214DA131004B607D /* NSLayoutConstraint+PureLayout.h */,
				01B9328B214DA131004B607D /* ALView+PureLayout.m */,
				01B9328C214DA131004B607D /* PureLayout+Internal.h */,
				01B9328D214DA131004B607D /* PureLayout.h */,
				01B9328E214DA131004B607D /* NSArray+PureLayout.m */,
			);
			name = PureLayout;
			path = ../Submodules/PureLayout/PureLayout/PureLayout;
			sourceTree = SOURCE_ROOT;
		};
		01F7286D2151BD1600510A2F /* Frameworks */ = {
			isa = PBXGroup;
			children = (
			);
			name = Frameworks;
			sourceTree = "<group>";
		};
/* End PBXGroup section */

/* Begin PBXNativeTarget section */
		01B93258214D6919004B607D /* PegasusApp */ = {
			isa = PBXNativeTarget;
			buildConfigurationList = 01B9326B214D691A004B607D /* Build configuration list for PBXNativeTarget "PegasusApp" */;
			buildPhases = (
				01B93255214D6919004B607D /* Sources */,
				01B93256214D6919004B607D /* Frameworks */,
				01B93257214D6919004B607D /* Resources */,
				01B93280214D6E7C004B607D /* Copy Frameworks */,
			);
			buildRules = (
			);
			dependencies = (
			);
			name = PegasusApp;
			productName = PegasusApp;
			productReference = 01B93259214D6919004B607D /* PegasusApp.app */;
			productType = "com.apple.product-type.application";
		};
/* End PBXNativeTarget section */

/* Begin PBXProject section */
		01B93251214D6919004B607D /* Project object */ = {
			isa = PBXProject;
			attributes = {
				LastSwiftUpdateCheck = 0940;
				LastUpgradeCheck = 0940;
				ORGANIZATIONNAME = PremierSoft;
				TargetAttributes = {
					01B93258214D6919004B607D = {
						CreatedOnToolsVersion = 9.4.1;
						LastSwiftMigration = 0940;
						SystemCapabilities = {
							com.apple.NetworkExtensions.iOS = {
								enabled = 0;
							};
						};
					};
				};
			};
			buildConfigurationList = 01B93254214D6919004B607D /* Build configuration list for PBXProject "PegasusApp" */;
			compatibilityVersion = "Xcode 9.3";
			developmentRegion = en;
			hasScannedForEncodings = 0;
			knownRegions = (
				en,
				Base,
			);
			mainGroup = 01B93250214D6919004B607D;
			productRefGroup = 01B9325A214D6919004B607D /* Products */;
			projectDirPath = "";
			projectRoot = "";
			targets = (
				01B93258214D6919004B607D /* PegasusApp */,
			);
		};
/* End PBXProject section */

/* Begin PBXResourcesBuildPhase section */
		01B93257214D6919004B607D /* Resources */ = {
			isa = PBXResourcesBuildPhase;
			buildActionMask = 2147483647;
			files = (
				01B93267214D691A004B607D /* LaunchScreen.storyboard in Resources */,
				01B93264214D691A004B607D /* Assets.xcassets in Resources */,
			);
			runOnlyForDeploymentPostprocessing = 0;
		};
/* End PBXResourcesBuildPhase section */

/* Begin PBXSourcesBuildPhase section */
		01B93255214D6919004B607D /* Sources */ = {
			isa = PBXSourcesBuildPhase;
			buildActionMask = 2147483647;
			files = (
				012F27A02150ACF700EE253E /* CDJoystick.swift in Sources */,
				01F728712151BE3400510A2F /* JoystickManager.swift in Sources */,
				01B9325F214D6919004B607D /* ViewController.swift in Sources */,
				01B9325D214D6919004B607D /* AppDelegate.swift in Sources */,
				01F728732151C66B00510A2F /* FloatingPoint.swift in Sources */,
				01B93291214DA131004B607D /* NSLayoutConstraint+PureLayout.m in Sources */,
				01B93292214DA131004B607D /* ALView+PureLayout.m in Sources */,
				01B93293214DA131004B607D /* NSArray+PureLayout.m in Sources */,
			);
			runOnlyForDeploymentPostprocessing = 0;
		};
/* End PBXSourcesBuildPhase section */

/* Begin PBXVariantGroup section */
		01B93265214D691A004B607D /* LaunchScreen.storyboard */ = {
			isa = PBXVariantGroup;
			children = (
				01B93266214D691A004B607D /* Base */,
			);
			name = LaunchScreen.storyboard;
			sourceTree = "<group>";
		};
/* End PBXVariantGroup section */

/* Begin XCBuildConfiguration section */
		01B93269214D691A004B607D /* Debug */ = {
			isa = XCBuildConfiguration;
			buildSettings = {
				ALWAYS_SEARCH_USER_PATHS = NO;
				CLANG_ANALYZER_NONNULL = YES;
				CLANG_ANALYZER_NUMBER_OBJECT_CONVERSION = YES_AGGRESSIVE;
				CLANG_CXX_LANGUAGE_STANDARD = "gnu++14";
				CLANG_CXX_LIBRARY = "libc++";
				CLANG_ENABLE_MODULES = YES;
				CLANG_ENABLE_OBJC_ARC = YES;
				CLANG_ENABLE_OBJC_WEAK = YES;
				CLANG_WARN_BLOCK_CAPTURE_AUTORELEASING = YES;
				CLANG_WARN_BOOL_CONVERSION = YES;
				CLANG_WARN_COMMA = YES;
				CLANG_WARN_CONSTANT_CONVERSION = YES;
				CLANG_WARN_DEPRECATED_OBJC_IMPLEMENTATIONS = YES;
				CLANG_WARN_DIRECT_OBJC_ISA_USAGE = YES_ERROR;
				CLANG_WARN_DOCUMENTATION_COMMENTS = YES;
				CLANG_WARN_EMPTY_BODY = YES;
				CLANG_WARN_ENUM_CONVERSION = YES;
				CLANG_WARN_INFINITE_RECURSION = YES;
				CLANG_WARN_INT_CONVERSION = YES;
				CLANG_WARN_NON_LITERAL_NULL_CONVERSION = YES;
				CLANG_WARN_OBJC_IMPLICIT_RETAIN_SELF = YES;
				CLANG_WARN_OBJC_LITERAL_CONVERSION = YES;
				CLANG_WARN_OBJC_ROOT_CLASS = YES_ERROR;
				CLANG_WARN_RANGE_LOOP_ANALYSIS = YES;
				CLANG_WARN_STRICT_PROTOTYPES = YES;
				CLANG_WARN_SUSPICIOUS_MOVE = YES;
				CLANG_WARN_UNGUARDED_AVAILABILITY = YES_AGGRESSIVE;
				CLANG_WARN_UNREACHABLE_CODE = YES;
				CLANG_WARN__DUPLICATE_METHOD_MATCH = YES;
				CODE_SIGN_IDENTITY = "iPhone Developer";
				COPY_PHASE_STRIP = NO;
				DEBUG_INFORMATION_FORMAT = dwarf;
				ENABLE_STRICT_OBJC_MSGSEND = YES;
				ENABLE_TESTABILITY = YES;
				GCC_C_LANGUAGE_STANDARD = gnu11;
				GCC_DYNAMIC_NO_PIC = NO;
				GCC_NO_COMMON_BLOCKS = YES;
				GCC_OPTIMIZATION_LEVEL = 0;
				GCC_PREPROCESSOR_DEFINITIONS = (
					"DEBUG=1",
					"$(inherited)",
				);
				GCC_WARN_64_TO_32_BIT_CONVERSION = YES;
				GCC_WARN_ABOUT_RETURN_TYPE = YES_ERROR;
				GCC_WARN_UNDECLARED_SELECTOR = YES;
				GCC_WARN_UNINITIALIZED_AUTOS = YES_AGGRESSIVE;
				GCC_WARN_UNUSED_FUNCTION = YES;
				GCC_WARN_UNUSED_VARIABLE = YES;
				IPHONEOS_DEPLOYMENT_TARGET = 11.4;
				MTL_ENABLE_DEBUG_INFO = YES;
				ONLY_ACTIVE_ARCH = YES;
				SDKROOT = iphoneos;
				SWIFT_ACTIVE_COMPILATION_CONDITIONS = DEBUG;
				SWIFT_OPTIMIZATION_LEVEL = "-Onone";
			};
			name = Debug;
		};
		01B9326A214D691A004B607D /* Release */ = {
			isa = XCBuildConfiguration;
			buildSettings = {
				ALWAYS_SEARCH_USER_PATHS = NO;
				CLANG_ANALYZER_NONNULL = YES;
				CLANG_ANALYZER_NUMBER_OBJECT_CONVERSION = YES_AGGRESSIVE;
				CLANG_CXX_LANGUAGE_STANDARD = "gnu++14";
				CLANG_CXX_LIBRARY = "libc++";
				CLANG_ENABLE_MODULES = YES;
				CLANG_ENABLE_OBJC_ARC = YES;
				CLANG_ENABLE_OBJC_WEAK = YES;
				CLANG_WARN_BLOCK_CAPTURE_AUTORELEASING = YES;
				CLANG_WARN_BOOL_CONVERSION = YES;
				CLANG_WARN_COMMA = YES;
				CLANG_WARN_CONSTANT_CONVERSION = YES;
				CLANG_WARN_DEPRECATED_OBJC_IMPLEMENTATIONS = YES;
				CLANG_WARN_DIRECT_OBJC_ISA_USAGE = YES_ERROR;
				CLANG_WARN_DOCUMENTATION_COMMENTS = YES;
				CLANG_WARN_EMPTY_BODY = YES;
				CLANG_WARN_ENUM_CONVERSION = YES;
				CLANG_WARN_INFINITE_RECURSION = YES;
				CLANG_WARN_INT_CONVERSION = YES;
				CLANG_WARN_NON_LITERAL_NULL_CONVERSION = YES;
				CLANG_WARN_OBJC_IMPLICIT_RETAIN_SELF = YES;
				CLANG_WARN_OBJC_LITERAL_CONVERSION = YES;
				CLANG_WARN_OBJC_ROOT_CLASS = YES_ERROR;
				CLANG_WARN_RANGE_LOOP_ANALYSIS = YES;
				CLANG_WARN_STRICT_PROTOTYPES = YES;
				CLANG_WARN_SUSPICIOUS_MOVE = YES;
				CLANG_WARN_UNGUARDED_AVAILABILITY = YES_AGGRESSIVE;
				CLANG_WARN_UNREACHABLE_CODE = YES;
				CLANG_WARN__DUPLICATE_METHOD_MATCH = YES;
				CODE_SIGN_IDENTITY = "iPhone Developer";
				COPY_PHASE_STRIP = NO;
				DEBUG_INFORMATION_FORMAT = "dwarf-with-dsym";
				ENABLE_NS_ASSERTIONS = NO;
				ENABLE_STRICT_OBJC_MSGSEND = YES;
				GCC_C_LANGUAGE_STANDARD = gnu11;
				GCC_NO_COMMON_BLOCKS = YES;
				GCC_WARN_64_TO_32_BIT_CONVERSION = YES;
				GCC_WARN_ABOUT_RETURN_TYPE = YES_ERROR;
				GCC_WARN_UNDECLARED_SELECTOR = YES;
				GCC_WARN_UNINITIALIZED_AUTOS = YES_AGGRESSIVE;
				GCC_WARN_UNUSED_FUNCTION = YES;
				GCC_WARN_UNUSED_VARIABLE = YES;
				IPHONEOS_DEPLOYMENT_TARGET = 11.4;
				MTL_ENABLE_DEBUG_INFO = NO;
				SDKROOT = iphoneos;
				SWIFT_COMPILATION_MODE = wholemodule;
				SWIFT_OPTIMIZATION_LEVEL = "-O";
				VALIDATE_PRODUCT = YES;
			};
			name = Release;
		};
		01B9326C214D691A004B607D /* Debug */ = {
			isa = XCBuildConfiguration;
			buildSettings = {
				ASSETCATALOG_COMPILER_APPICON_NAME = AppIcon;
				CLANG_ENABLE_MODULES = YES;
				CODE_SIGN_IDENTITY = "iPhone Developer";
				CODE_SIGN_STYLE = Manual;
				DEVELOPMENT_TEAM = E2383UN8B7;
				INFOPLIST_FILE = PegasusApp/Info.plist;
				LD_RUNPATH_SEARCH_PATHS = (
					"$(inherited)",
					"@executable_path/Frameworks",
				);
				PRODUCT_BUNDLE_IDENTIFIER = net.premiersoft.ios.PegasusApp;
				PRODUCT_NAME = "$(TARGET_NAME)";
				PROVISIONING_PROFILE = "f21baa56-b811-4863-9b98-8121503d54a8";
				PROVISIONING_PROFILE_SPECIFIER = "PremierSoft Wildcard";
				SWIFT_OBJC_BRIDGING_HEADER = "PegasusApp/PegasusApp-Bridging-Header.h";
				SWIFT_OPTIMIZATION_LEVEL = "-Onone";
				SWIFT_VERSION = 4.0;
				TARGETED_DEVICE_FAMILY = "1,2";
			};
			name = Debug;
		};
		01B9326D214D691A004B607D /* Release */ = {
			isa = XCBuildConfiguration;
			buildSettings = {
				ASSETCATALOG_COMPILER_APPICON_NAME = AppIcon;
				CLANG_ENABLE_MODULES = YES;
				CODE_SIGN_STYLE = Manual;
				DEVELOPMENT_TEAM = "";
				INFOPLIST_FILE = PegasusApp/Info.plist;
				LD_RUNPATH_SEARCH_PATHS = (
					"$(inherited)",
					"@executable_path/Frameworks",
				);
				PRODUCT_BUNDLE_IDENTIFIER = net.premiersoft.ios.PegasusApp;
				PRODUCT_NAME = "$(TARGET_NAME)";
				PROVISIONING_PROFILE_SPECIFIER = "";
				SWIFT_OBJC_BRIDGING_HEADER = "PegasusApp/PegasusApp-Bridging-Header.h";
				SWIFT_VERSION = 4.0;
				TARGETED_DEVICE_FAMILY = "1,2";
			};
			name = Release;
		};
/* End XCBuildConfiguration section */

/* Begin XCConfigurationList section */
		01B93254214D6919004B607D /* Build configuration list for PBXProject "PegasusApp" */ = {
			isa = XCConfigurationList;
			buildConfigurations = (
				01B93269214D691A004B607D /* Debug */,
				01B9326A214D691A004B607D /* Release */,
			);
			defaultConfigurationIsVisible = 0;
			defaultConfigurationName = Release;
		};
		01B9326B214D691A004B607D /* Build configuration list for PBXNativeTarget "PegasusApp" */ = {
			isa = XCConfigurationList;
			buildConfigurations = (
				01B9326C214D691A004B607D /* Debug */,
				01B9326D214D691A004B607D /* Release */,
			);
			defaultConfigurationIsVisible = 0;
			defaultConfigurationName = Release;
		};
/* End XCConfigurationList section */
	};
	rootObject = 01B93251214D6919004B607D /* Project object */;
}
